
Microsoft Visual Studio Solution File, Format Version 12.00
# Visual Studio Version 16
VisualStudioVersion = 16.0.31613.86
MinimumVisualStudioVersion = 10.0.40219.1
Project("{FAE04EC0-301F-11D3-BF4B-00C04F79EFBC}") = "Class Object", "Class Object\Class Object.csproj", "{0A0542D1-AA27-4FA5-A457-229A2A81A7A6}"
EndProject
Global
	GlobalSection(SolutionConfigurationPlatforms) = preSolution
		Debug|Any CPU = Debug|Any CPU
		Release|Any CPU = Release|Any CPU
	EndGlobalSection
	GlobalSection(ProjectConfigurationPlatforms) = postSolution
		{0A0542D1-AA27-4FA5-A457-229A2A81A7A6}.Debug|Any CPU.ActiveCfg = Debug|Any CPU
		{0A0542D1-AA27-4FA5-A457-229A2A81A7A6}.Debug|Any CPU.Build.0 = Debug|Any CPU
		{0A0542D1-AA27-4FA5-A457-229A2A81A7A6}.Release|Any CPU.ActiveCfg = Release|Any CPU
		{0A0542D1-AA27-4FA5-A457-229A2A81A7A6}.Release|Any CPU.Build.0 = Release|Any CPU
	EndGlobalSection
	GlobalSection(SolutionProperties) = preSolution
		HideSolutionNode = FALSE
	EndGlobalSection
	GlobalSection(ExtensibilityGlobals) = postSolution
		SolutionGuid = {21E6D410-978E-4E52-93AD-81C331678F8D}
	EndGlobalSection
EndGlobal
